
Microsoft Visual Studio Solution File, Format Version 12.00
# Visual Studio Version 17
VisualStudioVersion = 17.0.31903.59
MinimumVisualStudioVersion = 10.0.40219.1
Project("{2150E333-8FDC-42A3-9474-1A3956D46DE8}") = "src", "src", "{827E0CD3-B72D-47B6-A68D-7590B98EB39B}"
EndProject
Project("{FAE04EC0-301F-11D3-BF4B-00C04F79EFBC}") = "EnergyAccounting.Api", "src\EnergyAccounting.Api\EnergyAccounting.Api.csproj", "{D68230B7-AB02-4E67-981C-9DE835B1AED3}"
EndProject
Project("{FAE04EC0-301F-11D3-BF4B-00C04F79EFBC}") = "EnergyAccounting.Client", "src\EnergyAccounting.Client\EnergyAccounting.Client.csproj", "{B7306406-D9B8-44BB-8757-16344287A028}"
EndProject
Project("{2150E333-8FDC-42A3-9474-1A3956D46DE8}") = "tests", "tests", "{0AB3BF05-4346-4AA6-1389-037BE0695223}"
EndProject
Project("{FAE04EC0-301F-11D3-BF4B-00C04F79EFBC}") = "EnergyAccounting.Tests", "tests\EnergyAccounting.Tests\EnergyAccounting.Tests.csproj", "{3AC1E8E5-E50D-49A1-9771-0FC0C40636B9}"
EndProject
Global
	GlobalSection(SolutionConfigurationPlatforms) = preSolution
		Debug|Any CPU = Debug|Any CPU
		Debug|x64 = Debug|x64
		Debug|x86 = Debug|x86
		Release|Any CPU = Release|Any CPU
		Release|x64 = Release|x64
		Release|x86 = Release|x86
	EndGlobalSection
	GlobalSection(ProjectConfigurationPlatforms) = postSolution
		{D68230B7-AB02-4E67-981C-9DE835B1AED3}.Debug|Any CPU.ActiveCfg = Debug|Any CPU
		{D68230B7-AB02-4E67-981C-9DE835B1AED3}.Debug|Any CPU.Build.0 = Debug|Any CPU
		{D68230B7-AB02-4E67-981C-9DE835B1AED3}.Debug|x64.ActiveCfg = Debug|Any CPU
		{D68230B7-AB02-4E67-981C-9DE835B1AED3}.Debug|x64.Build.0 = Debug|Any CPU
		{D68230B7-AB02-4E67-981C-9DE835B1AED3}.Debug|x86.ActiveCfg = Debug|Any CPU
		{D68230B7-AB02-4E67-981C-9DE835B1AED3}.Debug|x86.Build.0 = Debug|Any CPU
		{D68230B7-AB02-4E67-981C-9DE835B1AED3}.Release|Any CPU.ActiveCfg = Release|Any CPU
		{D68230B7-AB02-4E67-981C-9DE835B1AED3}.Release|Any CPU.Build.0 = Release|Any CPU
		{D68230B7-AB02-4E67-981C-9DE835B1AED3}.Release|x64.ActiveCfg = Release|Any CPU
		{D68230B7-AB02-4E67-981C-9DE835B1AED3}.Release|x64.Build.0 = Release|Any CPU
		{D68230B7-AB02-4E67-981C-9DE835B1AED3}.Release|x86.ActiveCfg = Release|Any CPU
		{D68230B7-AB02-4E67-981C-9DE835B1AED3}.Release|x86.Build.0 = Release|Any CPU
		{B7306406-D9B8-44BB-8757-16344287A028}.Debug|Any CPU.ActiveCfg = Debug|Any CPU
		{B7306406-D9B8-44BB-8757-16344287A028}.Debug|Any CPU.Build.0 = Debug|Any CPU
		{B7306406-D9B8-44BB-8757-16344287A028}.Debug|x64.ActiveCfg = Debug|Any CPU
		{B7306406-D9B8-44BB-8757-16344287A028}.Debug|x64.Build.0 = Debug|Any CPU
		{B7306406-D9B8-44BB-8757-16344287A028}.Debug|x86.ActiveCfg = Debug|Any CPU
		{B7306406-D9B8-44BB-8757-16344287A028}.Debug|x86.Build.0 = Debug|Any CPU
		{B7306406-D9B8-44BB-8757-16344287A028}.Release|Any CPU.ActiveCfg = Release|Any CPU
		{B7306406-D9B8-44BB-8757-16344287A028}.Release|Any CPU.Build.0 = Release|Any CPU
		{B7306406-D9B8-44BB-8757-16344287A028}.Release|x64.ActiveCfg = Release|Any CPU
		{B7306406-D9B8-44BB-8757-16344287A028}.Release|x64.Build.0 = Release|Any CPU
		{B7306406-D9B8-44BB-8757-16344287A028}.Release|x86.ActiveCfg = Release|Any CPU
		{B7306406-D9B8-44BB-8757-16344287A028}.Release|x86.Build.0 = Release|Any CPU
		{3AC1E8E5-E50D-49A1-9771-0FC0C40636B9}.Debug|Any CPU.ActiveCfg = Debug|Any CPU
		{3AC1E8E5-E50D-49A1-9771-0FC0C40636B9}.Debug|Any CPU.Build.0 = Debug|Any CPU
		{3AC1E8E5-E50D-49A1-9771-0FC0C40636B9}.Debug|x64.ActiveCfg = Debug|Any CPU
		{3AC1E8E5-E50D-49A1-9771-0FC0C40636B9}.Debug|x64.Build.0 = Debug|Any CPU
		{3AC1E8E5-E50D-49A1-9771-0FC0C40636B9}.Debug|x86.ActiveCfg = Debug|Any CPU
		{3AC1E8E5-E50D-49A1-9771-0FC0C40636B9}.Debug|x86.Build.0 = Debug|Any CPU
		{3AC1E8E5-E50D-49A1-9771-0FC0C40636B9}.Release|Any CPU.ActiveCfg = Release|Any CPU
		{3AC1E8E5-E50D-49A1-9771-0FC0C40636B9}.Release|Any CPU.Build.0 = Release|Any CPU
		{3AC1E8E5-E50D-49A1-9771-0FC0C40636B9}.Release|x64.ActiveCfg = Release|Any CPU
		{3AC1E8E5-E50D-49A1-9771-0FC0C40636B9}.Release|x64.Build.0 = Release|Any CPU
		{3AC1E8E5-E50D-49A1-9771-0FC0C40636B9}.Release|x86.ActiveCfg = Release|Any CPU
		{3AC1E8E5-E50D-49A1-9771-0FC0C40636B9}.Release|x86.Build.0 = Release|Any CPU
	EndGlobalSection
	GlobalSection(SolutionProperties) = preSolution
		HideSolutionNode = FALSE
	EndGlobalSection
	GlobalSection(NestedProjects) = preSolution
		{D68230B7-AB02-4E67-981C-9DE835B1AED3} = {827E0CD3-B72D-47B6-A68D-7590B98EB39B}
		{B7306406-D9B8-44BB-8757-16344287A028} = {827E0CD3-B72D-47B6-A68D-7590B98EB39B}
		{3AC1E8E5-E50D-49A1-9771-0FC0C40636B9} = {0AB3BF05-4346-4AA6-1389-037BE0695223}
	EndGlobalSection
EndGlobal
